{
  "name": "child-reprocess",
  "version": "0.1.0",
  "lockfileVersion": 1,
  "requires": true,
  "dependencies": {
    "bs-platform": {
      "version": "8.0.3",
      "resolved": "https://registry.npmjs.org/bs-platform/-/bs-platform-8.0.3.tgz",
      "integrity": "sha512-I7wulOPM0/NGamwm9CDh9rGjW1oIKltPwwEIOJrL8DBFRXI8OFSACtWGlpaoOw76Xpf+KcVokr00keS2NlzA3A==",
      "dev": true
    }
  }
}
